
Microsoft Visual Studio Solution File, Format Version 12.00
# Visual Studio Version 16
VisualStudioVersion = 16.0.30503.244
MinimumVisualStudioVersion = 10.0.40219.1
Project("{FAE04EC0-301F-11D3-BF4B-00C04F79EFBC}") = "ProgramTwodotTwo", "ProgramTwodotTwo\ProgramTwodotTwo.csproj", "{A12F04A0-7F48-47D0-A9BD-043DD36FE679}"
EndProject
Global
	GlobalSection(SolutionConfigurationPlatforms) = preSolution
		Debug|Any CPU = Debug|Any CPU
		Release|Any CPU = Release|Any CPU
	EndGlobalSection
	GlobalSection(ProjectConfigurationPlatforms) = postSolution
		{A12F04A0-7F48-47D0-A9BD-043DD36FE679}.Debug|Any CPU.ActiveCfg = Debug|Any CPU
		{A12F04A0-7F48-47D0-A9BD-043DD36FE679}.Debug|Any CPU.Build.0 = Debug|Any CPU
		{A12F04A0-7F48-47D0-A9BD-043DD36FE679}.Release|Any CPU.ActiveCfg = Release|Any CPU
		{A12F04A0-7F48-47D0-A9BD-043DD36FE679}.Release|Any CPU.Build.0 = Release|Any CPU
	EndGlobalSection
	GlobalSection(SolutionProperties) = preSolution
		HideSolutionNode = FALSE
	EndGlobalSection
	GlobalSection(ExtensibilityGlobals) = postSolution
		SolutionGuid = {D0DF3855-44FD-4219-B0E6-1C5C42FA86BE}
	EndGlobalSection
EndGlobal
