
Microsoft Visual Studio Solution File, Format Version 12.00
# Visual Studio Version 16
VisualStudioVersion = 16.0.30503.244
MinimumVisualStudioVersion = 10.0.40219.1
Project("{FAE04EC0-301F-11D3-BF4B-00C04F79EFBC}") = "ProgramTwodotFour", "ProgramTwodotFour\ProgramTwodotFour.csproj", "{6DBF63F3-4099-4980-BCF7-1442BF4ECC07}"
EndProject
Global
	GlobalSection(SolutionConfigurationPlatforms) = preSolution
		Debug|Any CPU = Debug|Any CPU
		Release|Any CPU = Release|Any CPU
	EndGlobalSection
	GlobalSection(ProjectConfigurationPlatforms) = postSolution
		{6DBF63F3-4099-4980-BCF7-1442BF4ECC07}.Debug|Any CPU.ActiveCfg = Debug|Any CPU
		{6DBF63F3-4099-4980-BCF7-1442BF4ECC07}.Debug|Any CPU.Build.0 = Debug|Any CPU
		{6DBF63F3-4099-4980-BCF7-1442BF4ECC07}.Release|Any CPU.ActiveCfg = Release|Any CPU
		{6DBF63F3-4099-4980-BCF7-1442BF4ECC07}.Release|Any CPU.Build.0 = Release|Any CPU
	EndGlobalSection
	GlobalSection(SolutionProperties) = preSolution
		HideSolutionNode = FALSE
	EndGlobalSection
	GlobalSection(ExtensibilityGlobals) = postSolution
		SolutionGuid = {F9AED77A-3918-47CF-9F23-18BA394EF08E}
	EndGlobalSection
EndGlobal
