
Microsoft Visual Studio Solution File, Format Version 12.00
# Visual Studio Version 16
VisualStudioVersion = 16.0.30503.244
MinimumVisualStudioVersion = 10.0.40219.1
Project("{FAE04EC0-301F-11D3-BF4B-00C04F79EFBC}") = "ProgramOnedotOne", "ProgramOnedotOne\ProgramOnedotOne.csproj", "{42FFA57D-27CA-4EB7-81F1-11EAEE83043B}"
EndProject
Global
	GlobalSection(SolutionConfigurationPlatforms) = preSolution
		Debug|Any CPU = Debug|Any CPU
		Release|Any CPU = Release|Any CPU
	EndGlobalSection
	GlobalSection(ProjectConfigurationPlatforms) = postSolution
		{42FFA57D-27CA-4EB7-81F1-11EAEE83043B}.Debug|Any CPU.ActiveCfg = Debug|Any CPU
		{42FFA57D-27CA-4EB7-81F1-11EAEE83043B}.Debug|Any CPU.Build.0 = Debug|Any CPU
		{42FFA57D-27CA-4EB7-81F1-11EAEE83043B}.Release|Any CPU.ActiveCfg = Release|Any CPU
		{42FFA57D-27CA-4EB7-81F1-11EAEE83043B}.Release|Any CPU.Build.0 = Release|Any CPU
	EndGlobalSection
	GlobalSection(SolutionProperties) = preSolution
		HideSolutionNode = FALSE
	EndGlobalSection
	GlobalSection(ExtensibilityGlobals) = postSolution
		SolutionGuid = {3660F96A-C3F9-4458-ADFA-C31B876C5CBF}
	EndGlobalSection
EndGlobal
